{
  "name": "boutique-backend",
  "version": "1.0.0",
  "lockfileVersion": 1,
  "requires": true,
  "dependencies": {
    "@extensionengine/eslint-config": {
      "version": "1.3.1",
      "resolved": "https://registry.npmjs.org/@extensionengine/eslint-config/-/eslint-config-1.3.1.tgz",
      "integrity": "sha512-cgep8YxgM5xAs26lq51hMnU+3rnKLi9zoWPAZxtPStZqUSNCh10w8YgK3QIwAKy4HPZ8wJ5Ct81kktBmlN4NRA==",
      "dev": true
    },
    "lodash": {
      "version": "4.17.21",
      "resolved": "https://registry.npmjs.org/lodash/-/lodash-4.17.21.tgz",
      "integrity": "sha512-v2kDEe57lecTulaDIuNTPy3Ry4gLGJ6Z1O3vE1krgXZNrsQ+LFTGHVxVjcXPs17LhbZVGedAJv8XZ1tvj5FvSg=="
    }
  }
}
